// !$*UTF8*$!
{
	archiveVersion = 1;
	classes = {
	};
	objectVersion = 48;
	objects = {

/* Begin PBXBuildFile section */
		6B01131C20B74613002E44FD /* AppDelegate.swift in Sources */ = {isa = PBXBuildFile; fileRef = 6B01131B20B74613002E44FD /* AppDelegate.swift */; };
		6B01131E20B74613002E44FD /* ViewController.swift in Sources */ = {isa = PBXBuildFile; fileRef = 6B01131D20B74613002E44FD /* ViewController.swift */; };
		6B01132120B74613002E44FD /* Main.storyboard in Resources */ = {isa = PBXBuildFile; fileRef = 6B01131F20B74613002E44FD /* Main.storyboard */; };
		6B01132420B74613002E44FD /* SlideMenu.xcdatamodeld in Sources */ = {isa = PBXBuildFile; fileRef = 6B01132220B74613002E44FD /* SlideMenu.xcdatamodeld */; };
		6B01132620B74613002E44FD /* Assets.xcassets in Resources */ = {isa = PBXBuildFile; fileRef = 6B01132520B74613002E44FD /* Assets.xcassets */; };
		6B01132920B74613002E44FD /* LaunchScreen.storyboard in Resources */ = {isa = PBXBuildFile; fileRef = 6B01132720B74613002E44FD /* LaunchScreen.storyboard */; };
		6B01133420B74614002E44FD /* SlideMenuTests.swift in Sources */ = {isa = PBXBuildFile; fileRef = 6B01133320B74614002E44FD /* SlideMenuTests.swift */; };
		6B01133F20B74614002E44FD /* SlideMenuUITests.swift in Sources */ = {isa = PBXBuildFile; fileRef = 6B01133E20B74614002E44FD /* SlideMenuUITests.swift */; };
		6B01134D20B74AFB002E44FD /* MenuViewController.swift in Sources */ = {isa = PBXBuildFile; fileRef = 6B01134C20B74AFB002E44FD /* MenuViewController.swift */; };
/* End PBXBuildFile section */

/* Begin PBXContainerItemProxy section */
		6B01133020B74614002E44FD /* PBXContainerItemProxy */ = {
			isa = PBXContainerItemProxy;
			containerPortal = 6B01131020B74613002E44FD /* Project object */;
			proxyType = 1;
			remoteGlobalIDString = 6B01131720B74613002E44FD;
			remoteInfo = SlideMenu;
		};
		6B01133B20B74614002E44FD /* PBXContainerItemProxy */ = {
			isa = PBXContainerItemProxy;
			containerPortal = 6B01131020B74613002E44FD /* Project object */;
			proxyType = 1;
			remoteGlobalIDString = 6B01131720B74613002E44FD;
			remoteInfo = SlideMenu;
		};
/* End PBXContainerItemProxy section */

/* Begin PBXFileReference section */
		6B01131820B74613002E44FD /* SlideMenu.app */ = {isa = PBXFileReference; explicitFileType = wrapper.application; includeInIndex = 0; path = SlideMenu.app; sourceTree = BUILT_PRODUCTS_DIR; };
		6B01131B20B74613002E44FD /* AppDelegate.swift */ = {isa = PBXFileReference; lastKnownFileType = sourcecode.swift; path = AppDelegate.swift; sourceTree = "<group>"; };
		6B01131D20B74613002E44FD /* ViewController.swift */ = {isa = PBXFileReference; lastKnownFileType = sourcecode.swift; path = ViewController.swift; sourceTree = "<group>"; };
		6B01132020B74613002E44FD /* Base */ = {isa = PBXFileReference; lastKnownFileType = file.storyboard; name = Base; path = Base.lproj/Main.storyboard; sourceTree = "<group>"; };
		6B01132320B74613002E44FD /* SlideMenu.xcdatamodel */ = {isa = PBXFileReference; lastKnownFileType = wrapper.xcdatamodel; path = SlideMenu.xcdatamodel; sourceTree = "<group>"; };
		6B01132520B74613002E44FD /* Assets.xcassets */ = {isa = PBXFileReference; lastKnownFileType = folder.assetcatalog; path = Assets.xcassets; sourceTree = "<group>"; };
		6B01132820B74613002E44FD /* Base */ = {isa = PBXFileReference; lastKnownFileType = file.storyboard; name = Base; path = Base.lproj/LaunchScreen.storyboard; sourceTree = "<group>"; };
		6B01132A20B74613002E44FD /* Info.plist */ = {isa = PBXFileReference; lastKnownFileType = text.plist.xml; path = Info.plist; sourceTree = "<group>"; };
		6B01132F20B74614002E44FD /* SlideMenuTests.xctest */ = {isa = PBXFileReference; explicitFileType = wrapper.cfbundle; includeInIndex = 0; path = SlideMenuTests.xctest; sourceTree = BUILT_PRODUCTS_DIR; };
		6B01133320B74614002E44FD /* SlideMenuTests.swift */ = {isa = PBXFileReference; lastKnownFileType = sourcecode.swift; path = SlideMenuTests.swift; sourceTree = "<group>"; };
		6B01133520B74614002E44FD /* Info.plist */ = {isa = PBXFileReference; lastKnownFileType = text.plist.xml; path = Info.plist; sourceTree = "<group>"; };
		6B01133A20B74614002E44FD /* SlideMenuUITests.xctest */ = {isa = PBXFileReference; explicitFileType = wrapper.cfbundle; includeInIndex = 0; path = SlideMenuUITests.xctest; sourceTree = BUILT_PRODUCTS_DIR; };
		6B01133E20B74614002E44FD /* SlideMenuUITests.swift */ = {isa = PBXFileReference; lastKnownFileType = sourcecode.swift; path = SlideMenuUITests.swift; sourceTree = "<group>"; };
		6B01134020B74614002E44FD /* Info.plist */ = {isa = PBXFileReference; lastKnownFileType = text.plist.xml; path = Info.plist; sourceTree = "<group>"; };
		6B01134C20B74AFB002E44FD /* MenuViewController.swift */ = {isa = PBXFileReference; lastKnownFileType = sourcecode.swift; path = MenuViewController.swift; sourceTree = "<group>"; };
/* End PBXFileReference section */

/* Begin PBXFrameworksBuildPhase section */
		6B01131520B74613002E44FD /* Frameworks */ = {
			isa = PBXFrameworksBuildPhase;
			buildActionMask = 2147483647;
			files = (
			);
			runOnlyForDeploymentPostprocessing = 0;
		};
		6B01132C20B74614002E44FD /* Frameworks */ = {
			isa = PBXFrameworksBuildPhase;
			buildActionMask = 2147483647;
			files = (
			);
			runOnlyForDeploymentPostprocessing = 0;
		};
		6B01133720B74614002E44FD /* Frameworks */ = {
			isa = PBXFrameworksBuildPhase;
			buildActionMask = 2147483647;
			files = (
			);
			runOnlyForDeploymentPostprocessing = 0;
		};
/* End PBXFrameworksBuildPhase section */

/* Begin PBXGroup section */
		6B01130F20B74613002E44FD = {
			isa = PBXGroup;
			children = (
				6B01131A20B74613002E44FD /* SlideMenu */,
				6B01133220B74614002E44FD /* SlideMenuTests */,
				6B01133D20B74614002E44FD /* SlideMenuUITests */,
				6B01131920B74613002E44FD /* Products */,
			);
			sourceTree = "<group>";
		};
		6B01131920B74613002E44FD /* Products */ = {
			isa = PBXGroup;
			children = (
				6B01131820B74613002E44FD /* SlideMenu.app */,
				6B01132F20B74614002E44FD /* SlideMenuTests.xctest */,
				6B01133A20B74614002E44FD /* SlideMenuUITests.xctest */,
			);
			name = Products;
			sourceTree = "<group>";
		};
		6B01131A20B74613002E44FD /* SlideMenu */ = {
			isa = PBXGroup;
			children = (
				6B01131B20B74613002E44FD /* AppDelegate.swift */,
				6B01131D20B74613002E44FD /* ViewController.swift */,
				6B01131F20B74613002E44FD /* Main.storyboard */,
				6B01132520B74613002E44FD /* Assets.xcassets */,
				6B01132720B74613002E44FD /* LaunchScreen.storyboard */,
				6B01132A20B74613002E44FD /* Info.plist */,
				6B01132220B74613002E44FD /* SlideMenu.xcdatamodeld */,
				6B01134C20B74AFB002E44FD /* MenuViewController.swift */,
			);
			path = SlideMenu;
			sourceTree = "<group>";
		};
		6B01133220B74614002E44FD /* SlideMenuTests */ = {
			isa = PBXGroup;
			children = (
				6B01133320B74614002E44FD /* SlideMenuTests.swift */,
				6B01133520B74614002E44FD /* Info.plist */,
			);
			path = SlideMenuTests;
			sourceTree = "<group>";
		};
		6B01133D20B74614002E44FD /* SlideMenuUITests */ = {
			isa = PBXGroup;
			children = (
				6B01133E20B74614002E44FD /* SlideMenuUITests.swift */,
				6B01134020B74614002E44FD /* Info.plist */,
			);
			path = SlideMenuUITests;
			sourceTree = "<group>";
		};
/* End PBXGroup section */

/* Begin PBXNativeTarget section */
		6B01131720B74613002E44FD /* SlideMenu */ = {
			isa = PBXNativeTarget;
			buildConfigurationList = 6B01134320B74614002E44FD /* Build configuration list for PBXNativeTarget "SlideMenu" */;
			buildPhases = (
				6B01131420B74613002E44FD /* Sources */,
				6B01131520B74613002E44FD /* Frameworks */,
				6B01131620B74613002E44FD /* Resources */,
			);
			buildRules = (
			);
			dependencies = (
			);
			name = SlideMenu;
			productName = SlideMenu;
			productReference = 6B01131820B74613002E44FD /* SlideMenu.app */;
			productType = "com.apple.product-type.application";
		};
		6B01132E20B74614002E44FD /* SlideMenuTests */ = {
			isa = PBXNativeTarget;
			buildConfigurationList = 6B01134620B74614002E44FD /* Build configuration list for PBXNativeTarget "SlideMenuTests" */;
			buildPhases = (
				6B01132B20B74614002E44FD /* Sources */,
				6B01132C20B74614002E44FD /* Frameworks */,
				6B01132D20B74614002E44FD /* Resources */,
			);
			buildRules = (
			);
			dependencies = (
				6B01133120B74614002E44FD /* PBXTargetDependency */,
			);
			name = SlideMenuTests;
			productName = SlideMenuTests;
			productReference = 6B01132F20B74614002E44FD /* SlideMenuTests.xctest */;
			productType = "com.apple.product-type.bundle.unit-test";
		};
		6B01133920B74614002E44FD /* SlideMenuUITests */ = {
			isa = PBXNativeTarget;
			buildConfigurationList = 6B01134920B74614002E44FD /* Build configuration list for PBXNativeTarget "SlideMenuUITests" */;
			buildPhases = (
				6B01133620B74614002E44FD /* Sources */,
				6B01133720B74614002E44FD /* Frameworks */,
				6B01133820B74614002E44FD /* Resources */,
			);
			buildRules = (
			);
			dependencies = (
				6B01133C20B74614002E44FD /* PBXTargetDependency */,
			);
			name = SlideMenuUITests;
			productName = SlideMenuUITests;
			productReference = 6B01133A20B74614002E44FD /* SlideMenuUITests.xctest */;
			productType = "com.apple.product-type.bundle.ui-testing";
		};
/* End PBXNativeTarget section */

/* Begin PBXProject section */
		6B01131020B74613002E44FD /* Project object */ = {
			isa = PBXProject;
			attributes = {
				LastSwiftUpdateCheck = 0910;
				LastUpgradeCheck = 0910;
				ORGANIZATIONNAME = "Pranoti Kulkarni";
				TargetAttributes = {
					6B01131720B74613002E44FD = {
						CreatedOnToolsVersion = 9.1;
						ProvisioningStyle = Automatic;
					};
					6B01132E20B74614002E44FD = {
						CreatedOnToolsVersion = 9.1;
						ProvisioningStyle = Automatic;
						TestTargetID = 6B01131720B74613002E44FD;
					};
					6B01133920B74614002E44FD = {
						CreatedOnToolsVersion = 9.1;
						ProvisioningStyle = Automatic;
						TestTargetID = 6B01131720B74613002E44FD;
					};
				};
			};
			buildConfigurationList = 6B01131320B74613002E44FD /* Build configuration list for PBXProject "SlideMenu" */;
			compatibilityVersion = "Xcode 8.0";
			developmentRegion = en;
			hasScannedForEncodings = 0;
			knownRegions = (
				en,
				Base,
			);
			mainGroup = 6B01130F20B74613002E44FD;
			productRefGroup = 6B01131920B74613002E44FD /* Products */;
			projectDirPath = "";
			projectRoot = "";
			targets = (
				6B01131720B74613002E44FD /* SlideMenu */,
				6B01132E20B74614002E44FD /* SlideMenuTests */,
				6B01133920B74614002E44FD /* SlideMenuUITests */,
			);
		};
/* End PBXProject section */

/* Begin PBXResourcesBuildPhase section */
		6B01131620B74613002E44FD /* Resources */ = {
			isa = PBXResourcesBuildPhase;
			buildActionMask = 2147483647;
			files = (
				6B01132920B74613002E44FD /* LaunchScreen.storyboard in Resources */,
				6B01132620B74613002E44FD /* Assets.xcassets in Resources */,
				6B01132120B74613002E44FD /* Main.storyboard in Resources */,
			);
			runOnlyForDeploymentPostprocessing = 0;
		};
		6B01132D20B74614002E44FD /* Resources */ = {
			isa = PBXResourcesBuildPhase;
			buildActionMask = 2147483647;
			files = (
			);
			runOnlyForDeploymentPostprocessing = 0;
		};
		6B01133820B74614002E44FD /* Resources */ = {
			isa = PBXResourcesBuildPhase;
			buildActionMask = 2147483647;
			files = (
			);
			runOnlyForDeploymentPostprocessing = 0;
		};
/* End PBXResourcesBuildPhase section */

/* Begin PBXSourcesBuildPhase section */
		6B01131420B74613002E44FD /* Sources */ = {
			isa = PBXSourcesBuildPhase;
			buildActionMask = 2147483647;
			files = (
				6B01131E20B74613002E44FD /* ViewController.swift in Sources */,
				6B01131C20B74613002E44FD /* AppDelegate.swift in Sources */,
				6B01132420B74613002E44FD /* SlideMenu.xcdatamodeld in Sources */,
				6B01134D20B74AFB002E44FD /* MenuViewController.swift in Sources */,
			);
			runOnlyForDeploymentPostprocessing = 0;
		};
		6B01132B20B74614002E44FD /* Sources */ = {
			isa = PBXSourcesBuildPhase;
			buildActionMask = 2147483647;
			files = (
				6B01133420B74614002E44FD /* SlideMenuTests.swift in Sources */,
			);
			runOnlyForDeploymentPostprocessing = 0;
		};
		6B01133620B74614002E44FD /* Sources */ = {
			isa = PBXSourcesBuildPhase;
			buildActionMask = 2147483647;
			files = (
				6B01133F20B74614002E44FD /* SlideMenuUITests.swift in Sources */,
			);
			runOnlyForDeploymentPostprocessing = 0;
		};
/* End PBXSourcesBuildPhase section */

/* Begin PBXTargetDependency section */
		6B01133120B74614002E44FD /* PBXTargetDependency */ = {
			isa = PBXTargetDependency;
			target = 6B01131720B74613002E44FD /* SlideMenu */;
			targetProxy = 6B01133020B74614002E44FD /* PBXContainerItemProxy */;
		};
		6B01133C20B74614002E44FD /* PBXTargetDependency */ = {
			isa = PBXTargetDependency;
			target = 6B01131720B74613002E44FD /* SlideMenu */;
			targetProxy = 6B01133B20B74614002E44FD /* PBXContainerItemProxy */;
		};
/* End PBXTargetDependency section */

/* Begin PBXVariantGroup section */
		6B01131F20B74613002E44FD /* Main.storyboard */ = {
			isa = PBXVariantGroup;
			children = (
				6B01132020B74613002E44FD /* Base */,
			);
			name = Main.storyboard;
			sourceTree = "<group>";
		};
		6B01132720B74613002E44FD /* LaunchScreen.storyboard */ = {
			isa = PBXVariantGroup;
			children = (
				6B01132820B74613002E44FD /* Base */,
			);
			name = LaunchScreen.storyboard;
			sourceTree = "<group>";
		};
/* End PBXVariantGroup section */

/* Begin XCBuildConfiguration section */
		6B01134120B74614002E44FD /* Debug */ = {
			isa = XCBuildConfiguration;
			buildSettings = {
				ALWAYS_SEARCH_USER_PATHS = NO;
				CLANG_ANALYZER_NONNULL = YES;
				CLANG_ANALYZER_NUMBER_OBJECT_CONVERSION = YES_AGGRESSIVE;
				CLANG_CXX_LANGUAGE_STANDARD = "gnu++14";
				CLANG_CXX_LIBRARY = "libc++";
				CLANG_ENABLE_MODULES = YES;
				CLANG_ENABLE_OBJC_ARC = YES;
				CLANG_WARN_BLOCK_CAPTURE_AUTORELEASING = YES;
				CLANG_WARN_BOOL_CONVERSION = YES;
				CLANG_WARN_COMMA = YES;
				CLANG_WARN_CONSTANT_CONVERSION = YES;
				CLANG_WARN_DIRECT_OBJC_ISA_USAGE = YES_ERROR;
				CLANG_WARN_DOCUMENTATION_COMMENTS = YES;
				CLANG_WARN_EMPTY_BODY = YES;
				CLANG_WARN_ENUM_CONVERSION = YES;
				CLANG_WARN_INFINITE_RECURSION = YES;
				CLANG_WARN_INT_CONVERSION = YES;
				CLANG_WARN_NON_LITERAL_NULL_CONVERSION = YES;
				CLANG_WARN_OBJC_LITERAL_CONVERSION = YES;
				CLANG_WARN_OBJC_ROOT_CLASS = YES_ERROR;
				CLANG_WARN_RANGE_LOOP_ANALYSIS = YES;
				CLANG_WARN_STRICT_PROTOTYPES = YES;
				CLANG_WARN_SUSPICIOUS_MOVE = YES;
				CLANG_WARN_UNGUARDED_AVAILABILITY = YES_AGGRESSIVE;
				CLANG_WARN_UNREACHABLE_CODE = YES;
				CLANG_WARN__DUPLICATE_METHOD_MATCH = YES;
				CODE_SIGN_IDENTITY = "iPhone Developer";
				COPY_PHASE_STRIP = NO;
				DEBUG_INFORMATION_FORMAT = dwarf;
				ENABLE_STRICT_OBJC_MSGSEND = YES;
				ENABLE_TESTABILITY = YES;
				GCC_C_LANGUAGE_STANDARD = gnu11;
				GCC_DYNAMIC_NO_PIC = NO;
				GCC_NO_COMMON_BLOCKS = YES;
				GCC_OPTIMIZATION_LEVEL = 0;
				GCC_PREPROCESSOR_DEFINITIONS = (
					"DEBUG=1",
					"$(inherited)",
				);
				GCC_WARN_64_TO_32_BIT_CONVERSION = YES;
				GCC_WARN_ABOUT_RETURN_TYPE = YES_ERROR;
				GCC_WARN_UNDECLARED_SELECTOR = YES;
				GCC_WARN_UNINITIALIZED_AUTOS = YES_AGGRESSIVE;
				GCC_WARN_UNUSED_FUNCTION = YES;
				GCC_WARN_UNUSED_VARIABLE = YES;
				IPHONEOS_DEPLOYMENT_TARGET = 11.1;
				MTL_ENABLE_DEBUG_INFO = YES;
				ONLY_ACTIVE_ARCH = YES;
				SDKROOT = iphoneos;
				SWIFT_ACTIVE_COMPILATION_CONDITIONS = DEBUG;
				SWIFT_OPTIMIZATION_LEVEL = "-Onone";
			};
			name = Debug;
		};
		6B01134220B74614002E44FD /* Release */ = {
			isa = XCBuildConfiguration;
			buildSettings = {
				ALWAYS_SEARCH_USER_PATHS = NO;
				CLANG_ANALYZER_NONNULL = YES;
				CLANG_ANALYZER_NUMBER_OBJECT_CONVERSION = YES_AGGRESSIVE;
				CLANG_CXX_LANGUAGE_STANDARD = "gnu++14";
				CLANG_CXX_LIBRARY = "libc++";
				CLANG_ENABLE_MODULES = YES;
				CLANG_ENABLE_OBJC_ARC = YES;
				CLANG_WARN_BLOCK_CAPTURE_AUTORELEASING = YES;
				CLANG_WARN_BOOL_CONVERSION = YES;
				CLANG_WARN_COMMA = YES;
				CLANG_WARN_CONSTANT_CONVERSION = YES;
				CLANG_WARN_DIRECT_OBJC_ISA_USAGE = YES_ERROR;
				CLANG_WARN_DOCUMENTATION_COMMENTS = YES;
				CLANG_WARN_EMPTY_BODY = YES;
				CLANG_WARN_ENUM_CONVERSION = YES;
				CLANG_WARN_INFINITE_RECURSION = YES;
				CLANG_WARN_INT_CONVERSION = YES;
				CLANG_WARN_NON_LITERAL_NULL_CONVERSION = YES;
				CLANG_WARN_OBJC_LITERAL_CONVERSION = YES;
				CLANG_WARN_OBJC_ROOT_CLASS = YES_ERROR;
				CLANG_WARN_RANGE_LOOP_ANALYSIS = YES;
				CLANG_WARN_STRICT_PROTOTYPES = YES;
				CLANG_WARN_SUSPICIOUS_MOVE = YES;
				CLANG_WARN_UNGUARDED_AVAILABILITY = YES_AGGRESSIVE;
				CLANG_WARN_UNREACHABLE_CODE = YES;
				CLANG_WARN__DUPLICATE_METHOD_MATCH = YES;
				CODE_SIGN_IDENTITY = "iPhone Developer";
				COPY_PHASE_STRIP = NO;
				DEBUG_INFORMATION_FORMAT = "dwarf-with-dsym";
				ENABLE_NS_ASSERTIONS = NO;
				ENABLE_STRICT_OBJC_MSGSEND = YES;
				GCC_C_LANGUAGE_STANDARD = gnu11;
				GCC_NO_COMMON_BLOCKS = YES;
				GCC_WARN_64_TO_32_BIT_CONVERSION = YES;
				GCC_WARN_ABOUT_RETURN_TYPE = YES_ERROR;
				GCC_WARN_UNDECLARED_SELECTOR = YES;
				GCC_WARN_UNINITIALIZED_AUTOS = YES_AGGRESSIVE;
				GCC_WARN_UNUSED_FUNCTION = YES;
				GCC_WARN_UNUSED_VARIABLE = YES;
				IPHONEOS_DEPLOYMENT_TARGET = 11.1;
				MTL_ENABLE_DEBUG_INFO = NO;
				SDKROOT = iphoneos;
				SWIFT_OPTIMIZATION_LEVEL = "-Owholemodule";
				VALIDATE_PRODUCT = YES;
			};
			name = Release;
		};
		6B01134420B74614002E44FD /* Debug */ = {
			isa = XCBuildConfiguration;
			buildSettings = {
				ASSETCATALOG_COMPILER_APPICON_NAME = AppIcon;
				CODE_SIGN_STYLE = Automatic;
				INFOPLIST_FILE = SlideMenu/Info.plist;
				LD_RUNPATH_SEARCH_PATHS = "$(inherited) @executable_path/Frameworks";
				PRODUCT_BUNDLE_IDENTIFIER = com.example.SlideMenu;
				PRODUCT_NAME = "$(TARGET_NAME)";
				SWIFT_VERSION = 4.0;
				TARGETED_DEVICE_FAMILY = "1,2";
			};
			name = Debug;
		};
		6B01134520B74614002E44FD /* Release */ = {
			isa = XCBuildConfiguration;
			buildSettings = {
				ASSETCATALOG_COMPILER_APPICON_NAME = AppIcon;
				CODE_SIGN_STYLE = Automatic;
				INFOPLIST_FILE = SlideMenu/Info.plist;
				LD_RUNPATH_SEARCH_PATHS = "$(inherited) @executable_path/Frameworks";
				PRODUCT_BUNDLE_IDENTIFIER = com.example.SlideMenu;
				PRODUCT_NAME = "$(TARGET_NAME)";
				SWIFT_VERSION = 4.0;
				TARGETED_DEVICE_FAMILY = "1,2";
			};
			name = Release;
		};
		6B01134720B74614002E44FD /* Debug */ = {
			isa = XCBuildConfiguration;
			buildSettings = {
				ALWAYS_EMBED_SWIFT_STANDARD_LIBRARIES = YES;
				BUNDLE_LOADER = "$(TEST_HOST)";
				CODE_SIGN_STYLE = Automatic;
				INFOPLIST_FILE = SlideMenuTests/Info.plist;
				LD_RUNPATH_SEARCH_PATHS = "$(inherited) @executable_path/Frameworks @loader_path/Frameworks";
				PRODUCT_BUNDLE_IDENTIFIER = com.example.SlideMenuTests;
				PRODUCT_NAME = "$(TARGET_NAME)";
				SWIFT_VERSION = 4.0;
				TARGETED_DEVICE_FAMILY = "1,2";
				TEST_HOST = "$(BUILT_PRODUCTS_DIR)/SlideMenu.app/SlideMenu";
			};
			name = Debug;
		};
		6B01134820B74614002E44FD /* Release */ = {
			isa = XCBuildConfiguration;
			buildSettings = {
				ALWAYS_EMBED_SWIFT_STANDARD_LIBRARIES = YES;
				BUNDLE_LOADER = "$(TEST_HOST)";
				CODE_SIGN_STYLE = Automatic;
				INFOPLIST_FILE = SlideMenuTests/Info.plist;
				LD_RUNPATH_SEARCH_PATHS = "$(inherited) @executable_path/Frameworks @loader_path/Frameworks";
				PRODUCT_BUNDLE_IDENTIFIER = com.example.SlideMenuTests;
				PRODUCT_NAME = "$(TARGET_NAME)";
				SWIFT_VERSION = 4.0;
				TARGETED_DEVICE_FAMILY = "1,2";
				TEST_HOST = "$(BUILT_PRODUCTS_DIR)/SlideMenu.app/SlideMenu";
			};
			name = Release;
		};
		6B01134A20B74614002E44FD /* Debug */ = {
			isa = XCBuildConfiguration;
			buildSettings = {
				ALWAYS_EMBED_SWIFT_STANDARD_LIBRARIES = YES;
				CODE_SIGN_STYLE = Automatic;
				INFOPLIST_FILE = SlideMenuUITests/Info.plist;
				LD_RUNPATH_SEARCH_PATHS = "$(inherited) @executable_path/Frameworks @loader_path/Frameworks";
				PRODUCT_BUNDLE_IDENTIFIER = com.example.SlideMenuUITests;
				PRODUCT_NAME = "$(TARGET_NAME)";
				SWIFT_VERSION = 4.0;
				TARGETED_DEVICE_FAMILY = "1,2";
				TEST_TARGET_NAME = SlideMenu;
			};
			name = Debug;
		};
		6B01134B20B74614002E44FD /* Release */ = {
			isa = XCBuildConfiguration;
			buildSettings = {
				ALWAYS_EMBED_SWIFT_STANDARD_LIBRARIES = YES;
				CODE_SIGN_STYLE = Automatic;
				INFOPLIST_FILE = SlideMenuUITests/Info.plist;
				LD_RUNPATH_SEARCH_PATHS = "$(inherited) @executable_path/Frameworks @loader_path/Frameworks";
				PRODUCT_BUNDLE_IDENTIFIER = com.example.SlideMenuUITests;
				PRODUCT_NAME = "$(TARGET_NAME)";
				SWIFT_VERSION = 4.0;
				TARGETED_DEVICE_FAMILY = "1,2";
				TEST_TARGET_NAME = SlideMenu;
			};
			name = Release;
		};
/* End XCBuildConfiguration section */

/* Begin XCConfigurationList section */
		6B01131320B74613002E44FD /* Build configuration list for PBXProject "SlideMenu" */ = {
			isa = XCConfigurationList;
			buildConfigurations = (
				6B01134120B74614002E44FD /* Debug */,
				6B01134220B74614002E44FD /* Release */,
			);
			defaultConfigurationIsVisible = 0;
			defaultConfigurationName = Release;
		};
		6B01134320B74614002E44FD /* Build configuration list for PBXNativeTarget "SlideMenu" */ = {
			isa = XCConfigurationList;
			buildConfigurations = (
				6B01134420B74614002E44FD /* Debug */,
				6B01134520B74614002E44FD /* Release */,
			);
			defaultConfigurationIsVisible = 0;
			defaultConfigurationName = Release;
		};
		6B01134620B74614002E44FD /* Build configuration list for PBXNativeTarget "SlideMenuTests" */ = {
			isa = XCConfigurationList;
			buildConfigurations = (
				6B01134720B74614002E44FD /* Debug */,
				6B01134820B74614002E44FD /* Release */,
			);
			defaultConfigurationIsVisible = 0;
			defaultConfigurationName = Release;
		};
		6B01134920B74614002E44FD /* Build configuration list for PBXNativeTarget "SlideMenuUITests" */ = {
			isa = XCConfigurationList;
			buildConfigurations = (
				6B01134A20B74614002E44FD /* Debug */,
				6B01134B20B74614002E44FD /* Release */,
			);
			defaultConfigurationIsVisible = 0;
			defaultConfigurationName = Release;
		};
/* End XCConfigurationList section */

/* Begin XCVersionGroup section */
		6B01132220B74613002E44FD /* SlideMenu.xcdatamodeld */ = {
			isa = XCVersionGroup;
			children = (
				6B01132320B74613002E44FD /* SlideMenu.xcdatamodel */,
			);
			currentVersion = 6B01132320B74613002E44FD /* SlideMenu.xcdatamodel */;
			path = SlideMenu.xcdatamodeld;
			sourceTree = "<group>";
			versionGroupType = wrapper.xcdatamodel;
		};
/* End XCVersionGroup section */
	};
	rootObject = 6B01131020B74613002E44FD /* Project object */;
}
